// !$*UTF8*$!
{
	archiveVersion = 1;
	classes = {
	};
	objectVersion = 46;
	objects = {

/* Begin PBXBuildFile section */
		4C4DE20F18B3FCE5008F8DE5 /* Cocoa.framework in Frameworks */ = {isa = PBXBuildFile; fileRef = 4C4DE20E18B3FCE5008F8DE5 /* Cocoa.framework */; };
		4C4DE21918B3FCE5008F8DE5 /* InfoPlist.strings in Resources */ = {isa = PBXBuildFile; fileRef = 4C4DE21718B3FCE5008F8DE5 /* InfoPlist.strings */; };
		4C4DE21B18B3FCE5008F8DE5 /* main.m in Sources */ = {isa = PBXBuildFile; fileRef = 4C4DE21A18B3FCE5008F8DE5 /* main.m */; };
		4C4DE21F18B3FCE5008F8DE5 /* Credits.rtf in Resources */ = {isa = PBXBuildFile; fileRef = 4C4DE21D18B3FCE5008F8DE5 /* Credits.rtf */; };
		4C4DE22218B3FCE5008F8DE5 /* AppDelegate.m in Sources */ = {isa = PBXBuildFile; fileRef = 4C4DE22118B3FCE5008F8DE5 /* AppDelegate.m */; };
		4C4DE22518B3FCE5008F8DE5 /* MainMenu.xib in Resources */ = {isa = PBXBuildFile; fileRef = 4C4DE22318B3FCE5008F8DE5 /* MainMenu.xib */; };
		4C4DE22718B3FCE5008F8DE5 /* Images.xcassets in Resources */ = {isa = PBXBuildFile; fileRef = 4C4DE22618B3FCE5008F8DE5 /* Images.xcassets */; };
		4C4DE22E18B3FCE5008F8DE5 /* XCTest.framework in Frameworks */ = {isa = PBXBuildFile; fileRef = 4C4DE22D18B3FCE5008F8DE5 /* XCTest.framework */; };
		4C4DE22F18B3FCE5008F8DE5 /* Cocoa.framework in Frameworks */ = {isa = PBXBuildFile; fileRef = 4C4DE20E18B3FCE5008F8DE5 /* Cocoa.framework */; };
		4C4DE23718B3FCE5008F8DE5 /* InfoPlist.strings in Resources */ = {isa = PBXBuildFile; fileRef = 4C4DE23518B3FCE5008F8DE5 /* InfoPlist.strings */; };
		4C4DE23918B3FCE5008F8DE5 /* SharingPickerTests.m in Sources */ = {isa = PBXBuildFile; fileRef = 4C4DE23818B3FCE5008F8DE5 /* SharingPickerTests.m */; };
/* End PBXBuildFile section */

/* Begin PBXContainerItemProxy section */
		4C4DE23018B3FCE5008F8DE5 /* PBXContainerItemProxy */ = {
			isa = PBXContainerItemProxy;
			containerPortal = 4C4DE20318B3FCE5008F8DE5 /* Project object */;
			proxyType = 1;
			remoteGlobalIDString = 4C4DE20A18B3FCE5008F8DE5;
			remoteInfo = SharingPicker;
		};
/* End PBXContainerItemProxy section */

/* Begin PBXFileReference section */
		4C4DE20B18B3FCE5008F8DE5 /* SharingPicker.app */ = {isa = PBXFileReference; explicitFileType = wrapper.application; includeInIndex = 0; path = SharingPicker.app; sourceTree = BUILT_PRODUCTS_DIR; };
		4C4DE20E18B3FCE5008F8DE5 /* Cocoa.framework */ = {isa = PBXFileReference; lastKnownFileType = wrapper.framework; name = Cocoa.framework; path = System/Library/Frameworks/Cocoa.framework; sourceTree = SDKROOT; };
		4C4DE21118B3FCE5008F8DE5 /* AppKit.framework */ = {isa = PBXFileReference; lastKnownFileType = wrapper.framework; name = AppKit.framework; path = System/Library/Frameworks/AppKit.framework; sourceTree = SDKROOT; };
		4C4DE21218B3FCE5008F8DE5 /* CoreData.framework */ = {isa = PBXFileReference; lastKnownFileType = wrapper.framework; name = CoreData.framework; path = System/Library/Frameworks/CoreData.framework; sourceTree = SDKROOT; };
		4C4DE21318B3FCE5008F8DE5 /* Foundation.framework */ = {isa = PBXFileReference; lastKnownFileType = wrapper.framework; name = Foundation.framework; path = System/Library/Frameworks/Foundation.framework; sourceTree = SDKROOT; };
		4C4DE21618B3FCE5008F8DE5 /* SharingPicker-Info.plist */ = {isa = PBXFileReference; lastKnownFileType = text.plist.xml; path = "SharingPicker-Info.plist"; sourceTree = "<group>"; };
		4C4DE21818B3FCE5008F8DE5 /* en */ = {isa = PBXFileReference; lastKnownFileType = text.plist.strings; name = en; path = en.lproj/InfoPlist.strings; sourceTree = "<group>"; };
		4C4DE21A18B3FCE5008F8DE5 /* main.m */ = {isa = PBXFileReference; lastKnownFileType = sourcecode.c.objc; path = main.m; sourceTree = "<group>"; };
		4C4DE21C18B3FCE5008F8DE5 /* SharingPicker-Prefix.pch */ = {isa = PBXFileReference; lastKnownFileType = sourcecode.c.h; path = "SharingPicker-Prefix.pch"; sourceTree = "<group>"; };
		4C4DE21E18B3FCE5008F8DE5 /* en */ = {isa = PBXFileReference; lastKnownFileType = text.rtf; name = en; path = en.lproj/Credits.rtf; sourceTree = "<group>"; };
		4C4DE22018B3FCE5008F8DE5 /* AppDelegate.h */ = {isa = PBXFileReference; lastKnownFileType = sourcecode.c.h; path = AppDelegate.h; sourceTree = "<group>"; };
		4C4DE22118B3FCE5008F8DE5 /* AppDelegate.m */ = {isa = PBXFileReference; lastKnownFileType = sourcecode.c.objc; path = AppDelegate.m; sourceTree = "<group>"; };
		4C4DE22418B3FCE5008F8DE5 /* Base */ = {isa = PBXFileReference; lastKnownFileType = file.xib; name = Base; path = Base.lproj/MainMenu.xib; sourceTree = "<group>"; };
		4C4DE22618B3FCE5008F8DE5 /* Images.xcassets */ = {isa = PBXFileReference; lastKnownFileType = folder.assetcatalog; path = Images.xcassets; sourceTree = "<group>"; };
		4C4DE22C18B3FCE5008F8DE5 /* SharingPickerTests.xctest */ = {isa = PBXFileReference; explicitFileType = wrapper.cfbundle; includeInIndex = 0; path = SharingPickerTests.xctest; sourceTree = BUILT_PRODUCTS_DIR; };
		4C4DE22D18B3FCE5008F8DE5 /* XCTest.framework */ = {isa = PBXFileReference; lastKnownFileType = wrapper.framework; name = XCTest.framework; path = Library/Frameworks/XCTest.framework; sourceTree = DEVELOPER_DIR; };
		4C4DE23418B3FCE5008F8DE5 /* SharingPickerTests-Info.plist */ = {isa = PBXFileReference; lastKnownFileType = text.plist.xml; path = "SharingPickerTests-Info.plist"; sourceTree = "<group>"; };
		4C4DE23618B3FCE5008F8DE5 /* en */ = {isa = PBXFileReference; lastKnownFileType = text.plist.strings; name = en; path = en.lproj/InfoPlist.strings; sourceTree = "<group>"; };
		4C4DE23818B3FCE5008F8DE5 /* SharingPickerTests.m */ = {isa = PBXFileReference; lastKnownFileType = sourcecode.c.objc; path = SharingPickerTests.m; sourceTree = "<group>"; };
		4C4DE24218B3FEB3008F8DE5 /* README.md */ = {isa = PBXFileReference; lastKnownFileType = text; name = README.md; path = SharingPicker/README.md; sourceTree = "<group>"; };
/* End PBXFileReference section */

/* Begin PBXFrameworksBuildPhase section */
		4C4DE20818B3FCE5008F8DE5 /* Frameworks */ = {
			isa = PBXFrameworksBuildPhase;
			buildActionMask = 2147483647;
			files = (
				4C4DE20F18B3FCE5008F8DE5 /* Cocoa.framework in Frameworks */,
			);
			runOnlyForDeploymentPostprocessing = 0;
		};
		4C4DE22918B3FCE5008F8DE5 /* Frameworks */ = {
			isa = PBXFrameworksBuildPhase;
			buildActionMask = 2147483647;
			files = (
				4C4DE22F18B3FCE5008F8DE5 /* Cocoa.framework in Frameworks */,
				4C4DE22E18B3FCE5008F8DE5 /* XCTest.framework in Frameworks */,
			);
			runOnlyForDeploymentPostprocessing = 0;
		};
/* End PBXFrameworksBuildPhase section */

/* Begin PBXGroup section */
		4C4DE20218B3FCE5008F8DE5 = {
			isa = PBXGroup;
			children = (
				4C4DE24218B3FEB3008F8DE5 /* README.md */,
				4C4DE21418B3FCE5008F8DE5 /* SharingPicker */,
				4C4DE23218B3FCE5008F8DE5 /* SharingPickerTests */,
				4C4DE20D18B3FCE5008F8DE5 /* Frameworks */,
				4C4DE20C18B3FCE5008F8DE5 /* Products */,
			);
			sourceTree = "<group>";
		};
		4C4DE20C18B3FCE5008F8DE5 /* Products */ = {
			isa = PBXGroup;
			children = (
				4C4DE20B18B3FCE5008F8DE5 /* SharingPicker.app */,
				4C4DE22C18B3FCE5008F8DE5 /* SharingPickerTests.xctest */,
			);
			name = Products;
			sourceTree = "<group>";
		};
		4C4DE20D18B3FCE5008F8DE5 /* Frameworks */ = {
			isa = PBXGroup;
			children = (
				4C4DE20E18B3FCE5008F8DE5 /* Cocoa.framework */,
				4C4DE22D18B3FCE5008F8DE5 /* XCTest.framework */,
				4C4DE21018B3FCE5008F8DE5 /* Other Frameworks */,
			);
			name = Frameworks;
			sourceTree = "<group>";
		};
		4C4DE21018B3FCE5008F8DE5 /* Other Frameworks */ = {
			isa = PBXGroup;
			children = (
				4C4DE21118B3FCE5008F8DE5 /* AppKit.framework */,
				4C4DE21218B3FCE5008F8DE5 /* CoreData.framework */,
				4C4DE21318B3FCE5008F8DE5 /* Foundation.framework */,
			);
			name = "Other Frameworks";
			sourceTree = "<group>";
		};
		4C4DE21418B3FCE5008F8DE5 /* SharingPicker */ = {
			isa = PBXGroup;
			children = (
				4C4DE22018B3FCE5008F8DE5 /* AppDelegate.h */,
				4C4DE22118B3FCE5008F8DE5 /* AppDelegate.m */,
				4C4DE22318B3FCE5008F8DE5 /* MainMenu.xib */,
				4C4DE22618B3FCE5008F8DE5 /* Images.xcassets */,
				4C4DE21518B3FCE5008F8DE5 /* Supporting Files */,
			);
			path = SharingPicker;
			sourceTree = "<group>";
		};
		4C4DE21518B3FCE5008F8DE5 /* Supporting Files */ = {
			isa = PBXGroup;
			children = (
				4C4DE21618B3FCE5008F8DE5 /* SharingPicker-Info.plist */,
				4C4DE21718B3FCE5008F8DE5 /* InfoPlist.strings */,
				4C4DE21A18B3FCE5008F8DE5 /* main.m */,
				4C4DE21C18B3FCE5008F8DE5 /* SharingPicker-Prefix.pch */,
				4C4DE21D18B3FCE5008F8DE5 /* Credits.rtf */,
			);
			name = "Supporting Files";
			sourceTree = "<group>";
		};
		4C4DE23218B3FCE5008F8DE5 /* SharingPickerTests */ = {
			isa = PBXGroup;
			children = (
				4C4DE23818B3FCE5008F8DE5 /* SharingPickerTests.m */,
				4C4DE23318B3FCE5008F8DE5 /* Supporting Files */,
			);
			path = SharingPickerTests;
			sourceTree = "<group>";
		};
		4C4DE23318B3FCE5008F8DE5 /* Supporting Files */ = {
			isa = PBXGroup;
			children = (
				4C4DE23418B3FCE5008F8DE5 /* SharingPickerTests-Info.plist */,
				4C4DE23518B3FCE5008F8DE5 /* InfoPlist.strings */,
			);
			name = "Supporting Files";
			sourceTree = "<group>";
		};
/* End PBXGroup section */

/* Begin PBXNativeTarget section */
		4C4DE20A18B3FCE5008F8DE5 /* SharingPicker */ = {
			isa = PBXNativeTarget;
			buildConfigurationList = 4C4DE23C18B3FCE5008F8DE5 /* Build configuration list for PBXNativeTarget "SharingPicker" */;
			buildPhases = (
				4C4DE20718B3FCE5008F8DE5 /* Sources */,
				4C4DE20818B3FCE5008F8DE5 /* Frameworks */,
				4C4DE20918B3FCE5008F8DE5 /* Resources */,
			);
			buildRules = (
			);
			dependencies = (
			);
			name = SharingPicker;
			productName = SharingPicker;
			productReference = 4C4DE20B18B3FCE5008F8DE5 /* SharingPicker.app */;
			productType = "com.apple.product-type.application";
		};
		4C4DE22B18B3FCE5008F8DE5 /* SharingPickerTests */ = {
			isa = PBXNativeTarget;
			buildConfigurationList = 4C4DE23F18B3FCE5008F8DE5 /* Build configuration list for PBXNativeTarget "SharingPickerTests" */;
			buildPhases = (
				4C4DE22818B3FCE5008F8DE5 /* Sources */,
				4C4DE22918B3FCE5008F8DE5 /* Frameworks */,
				4C4DE22A18B3FCE5008F8DE5 /* Resources */,
			);
			buildRules = (
			);
			dependencies = (
				4C4DE23118B3FCE5008F8DE5 /* PBXTargetDependency */,
			);
			name = SharingPickerTests;
			productName = SharingPickerTests;
			productReference = 4C4DE22C18B3FCE5008F8DE5 /* SharingPickerTests.xctest */;
			productType = "com.apple.product-type.bundle.unit-test";
		};
/* End PBXNativeTarget section */

/* Begin PBXProject section */
		4C4DE20318B3FCE5008F8DE5 /* Project object */ = {
			isa = PBXProject;
			attributes = {
				LastUpgradeCheck = 0510;
				ORGANIZATIONNAME = "Manuel \"StuFF mc\" Carrasco Molina";
				TargetAttributes = {
					4C4DE22B18B3FCE5008F8DE5 = {
						TestTargetID = 4C4DE20A18B3FCE5008F8DE5;
					};
				};
			};
			buildConfigurationList = 4C4DE20618B3FCE5008F8DE5 /* Build configuration list for PBXProject "SharingPicker" */;
			compatibilityVersion = "Xcode 3.2";
			developmentRegion = English;
			hasScannedForEncodings = 0;
			knownRegions = (
				en,
				Base,
			);
			mainGroup = 4C4DE20218B3FCE5008F8DE5;
			productRefGroup = 4C4DE20C18B3FCE5008F8DE5 /* Products */;
			projectDirPath = "";
			projectRoot = "";
			targets = (
				4C4DE20A18B3FCE5008F8DE5 /* SharingPicker */,
				4C4DE22B18B3FCE5008F8DE5 /* SharingPickerTests */,
			);
		};
/* End PBXProject section */

/* Begin PBXResourcesBuildPhase section */
		4C4DE20918B3FCE5008F8DE5 /* Resources */ = {
			isa = PBXResourcesBuildPhase;
			buildActionMask = 2147483647;
			files = (
				4C4DE21918B3FCE5008F8DE5 /* InfoPlist.strings in Resources */,
				4C4DE22718B3FCE5008F8DE5 /* Images.xcassets in Resources */,
				4C4DE21F18B3FCE5008F8DE5 /* Credits.rtf in Resources */,
				4C4DE22518B3FCE5008F8DE5 /* MainMenu.xib in Resources */,
			);
			runOnlyForDeploymentPostprocessing = 0;
		};
		4C4DE22A18B3FCE5008F8DE5 /* Resources */ = {
			isa = PBXResourcesBuildPhase;
			buildActionMask = 2147483647;
			files = (
				4C4DE23718B3FCE5008F8DE5 /* InfoPlist.strings in Resources */,
			);
			runOnlyForDeploymentPostprocessing = 0;
		};
/* End PBXResourcesBuildPhase section */

/* Begin PBXSourcesBuildPhase section */
		4C4DE20718B3FCE5008F8DE5 /* Sources */ = {
			isa = PBXSourcesBuildPhase;
			buildActionMask = 2147483647;
			files = (
				4C4DE22218B3FCE5008F8DE5 /* AppDelegate.m in Sources */,
				4C4DE21B18B3FCE5008F8DE5 /* main.m in Sources */,
			);
			runOnlyForDeploymentPostprocessing = 0;
		};
		4C4DE22818B3FCE5008F8DE5 /* Sources */ = {
			isa = PBXSourcesBuildPhase;
			buildActionMask = 2147483647;
			files = (
				4C4DE23918B3FCE5008F8DE5 /* SharingPickerTests.m in Sources */,
			);
			runOnlyForDeploymentPostprocessing = 0;
		};
/* End PBXSourcesBuildPhase section */

/* Begin PBXTargetDependency section */
		4C4DE23118B3FCE5008F8DE5 /* PBXTargetDependency */ = {
			isa = PBXTargetDependency;
			target = 4C4DE20A18B3FCE5008F8DE5 /* SharingPicker */;
			targetProxy = 4C4DE23018B3FCE5008F8DE5 /* PBXContainerItemProxy */;
		};
/* End PBXTargetDependency section */

/* Begin PBXVariantGroup section */
		4C4DE21718B3FCE5008F8DE5 /* InfoPlist.strings */ = {
			isa = PBXVariantGroup;
			children = (
				4C4DE21818B3FCE5008F8DE5 /* en */,
			);
			name = InfoPlist.strings;
			sourceTree = "<group>";
		};
		4C4DE21D18B3FCE5008F8DE5 /* Credits.rtf */ = {
			isa = PBXVariantGroup;
			children = (
				4C4DE21E18B3FCE5008F8DE5 /* en */,
			);
			name = Credits.rtf;
			sourceTree = "<group>";
		};
		4C4DE22318B3FCE5008F8DE5 /* MainMenu.xib */ = {
			isa = PBXVariantGroup;
			children = (
				4C4DE22418B3FCE5008F8DE5 /* Base */,
			);
			name = MainMenu.xib;
			sourceTree = "<group>";
		};
		4C4DE23518B3FCE5008F8DE5 /* InfoPlist.strings */ = {
			isa = PBXVariantGroup;
			children = (
				4C4DE23618B3FCE5008F8DE5 /* en */,
			);
			name = InfoPlist.strings;
			sourceTree = "<group>";
		};
/* End PBXVariantGroup section */

/* Begin XCBuildConfiguration section */
		4C4DE23A18B3FCE5008F8DE5 /* Debug */ = {
			isa = XCBuildConfiguration;
			buildSettings = {
				ALWAYS_SEARCH_USER_PATHS = NO;
				CLANG_CXX_LANGUAGE_STANDARD = "gnu++0x";
				CLANG_CXX_LIBRARY = "libc++";
				CLANG_ENABLE_MODULES = YES;
				CLANG_ENABLE_OBJC_ARC = YES;
				CLANG_WARN_BOOL_CONVERSION = YES;
				CLANG_WARN_CONSTANT_CONVERSION = YES;
				CLANG_WARN_DIRECT_OBJC_ISA_USAGE = YES_ERROR;
				CLANG_WARN_EMPTY_BODY = YES;
				CLANG_WARN_ENUM_CONVERSION = YES;
				CLANG_WARN_INT_CONVERSION = YES;
				CLANG_WARN_OBJC_ROOT_CLASS = YES_ERROR;
				CLANG_WARN__DUPLICATE_METHOD_MATCH = YES;
				COPY_PHASE_STRIP = NO;
				GCC_C_LANGUAGE_STANDARD = gnu99;
				GCC_DYNAMIC_NO_PIC = NO;
				GCC_ENABLE_OBJC_EXCEPTIONS = YES;
				GCC_OPTIMIZATION_LEVEL = 0;
				GCC_PREPROCESSOR_DEFINITIONS = (
					"DEBUG=1",
					"$(inherited)",
				);
				GCC_SYMBOLS_PRIVATE_EXTERN = NO;
				GCC_WARN_64_TO_32_BIT_CONVERSION = YES;
				GCC_WARN_ABOUT_RETURN_TYPE = YES_ERROR;
				GCC_WARN_UNDECLARED_SELECTOR = YES;
				GCC_WARN_UNINITIALIZED_AUTOS = YES_AGGRESSIVE;
				GCC_WARN_UNUSED_FUNCTION = YES;
				GCC_WARN_UNUSED_VARIABLE = YES;
				MACOSX_DEPLOYMENT_TARGET = 10.9;
				ONLY_ACTIVE_ARCH = YES;
				SDKROOT = macosx;
			};
			name = Debug;
		};
		4C4DE23B18B3FCE5008F8DE5 /* Release */ = {
			isa = XCBuildConfiguration;
			buildSettings = {
				ALWAYS_SEARCH_USER_PATHS = NO;
				CLANG_CXX_LANGUAGE_STANDARD = "gnu++0x";
				CLANG_CXX_LIBRARY = "libc++";
				CLANG_ENABLE_MODULES = YES;
				CLANG_ENABLE_OBJC_ARC = YES;
				CLANG_WARN_BOOL_CONVERSION = YES;
				CLANG_WARN_CONSTANT_CONVERSION = YES;
				CLANG_WARN_DIRECT_OBJC_ISA_USAGE = YES_ERROR;
				CLANG_WARN_EMPTY_BODY = YES;
				CLANG_WARN_ENUM_CONVERSION = YES;
				CLANG_WARN_INT_CONVERSION = YES;
				CLANG_WARN_OBJC_ROOT_CLASS = YES_ERROR;
				CLANG_WARN__DUPLICATE_METHOD_MATCH = YES;
				COPY_PHASE_STRIP = YES;
				DEBUG_INFORMATION_FORMAT = "dwarf-with-dsym";
				ENABLE_NS_ASSERTIONS = NO;
				GCC_C_LANGUAGE_STANDARD = gnu99;
				GCC_ENABLE_OBJC_EXCEPTIONS = YES;
				GCC_WARN_64_TO_32_BIT_CONVERSION = YES;
				GCC_WARN_ABOUT_RETURN_TYPE = YES_ERROR;
				GCC_WARN_UNDECLARED_SELECTOR = YES;
				GCC_WARN_UNINITIALIZED_AUTOS = YES_AGGRESSIVE;
				GCC_WARN_UNUSED_FUNCTION = YES;
				GCC_WARN_UNUSED_VARIABLE = YES;
				MACOSX_DEPLOYMENT_TARGET = 10.9;
				SDKROOT = macosx;
			};
			name = Release;
		};
		4C4DE23D18B3FCE5008F8DE5 /* Debug */ = {
			isa = XCBuildConfiguration;
			buildSettings = {
				ASSETCATALOG_COMPILER_APPICON_NAME = AppIcon;
				COMBINE_HIDPI_IMAGES = YES;
				GCC_PRECOMPILE_PREFIX_HEADER = YES;
				GCC_PREFIX_HEADER = "SharingPicker/SharingPicker-Prefix.pch";
				INFOPLIST_FILE = "SharingPicker/SharingPicker-Info.plist";
				PRODUCT_NAME = "$(TARGET_NAME)";
				WRAPPER_EXTENSION = app;
			};
			name = Debug;
		};
		4C4DE23E18B3FCE5008F8DE5 /* Release */ = {
			isa = XCBuildConfiguration;
			buildSettings = {
				ASSETCATALOG_COMPILER_APPICON_NAME = AppIcon;
				COMBINE_HIDPI_IMAGES = YES;
				GCC_PRECOMPILE_PREFIX_HEADER = YES;
				GCC_PREFIX_HEADER = "SharingPicker/SharingPicker-Prefix.pch";
				INFOPLIST_FILE = "SharingPicker/SharingPicker-Info.plist";
				PRODUCT_NAME = "$(TARGET_NAME)";
				WRAPPER_EXTENSION = app;
			};
			name = Release;
		};
		4C4DE24018B3FCE5008F8DE5 /* Debug */ = {
			isa = XCBuildConfiguration;
			buildSettings = {
				BUNDLE_LOADER = "$(BUILT_PRODUCTS_DIR)/SharingPicker.app/Contents/MacOS/SharingPicker";
				COMBINE_HIDPI_IMAGES = YES;
				FRAMEWORK_SEARCH_PATHS = (
					"$(DEVELOPER_FRAMEWORKS_DIR)",
					"$(inherited)",
				);
				GCC_PRECOMPILE_PREFIX_HEADER = YES;
				GCC_PREFIX_HEADER = "SharingPicker/SharingPicker-Prefix.pch";
				GCC_PREPROCESSOR_DEFINITIONS = (
					"DEBUG=1",
					"$(inherited)",
				);
				INFOPLIST_FILE = "SharingPickerTests/SharingPickerTests-Info.plist";
				PRODUCT_NAME = "$(TARGET_NAME)";
				TEST_HOST = "$(BUNDLE_LOADER)";
				WRAPPER_EXTENSION = xctest;
			};
			name = Debug;
		};
		4C4DE24118B3FCE5008F8DE5 /* Release */ = {
			isa = XCBuildConfiguration;
			buildSettings = {
				BUNDLE_LOADER = "$(BUILT_PRODUCTS_DIR)/SharingPicker.app/Contents/MacOS/SharingPicker";
				COMBINE_HIDPI_IMAGES = YES;
				FRAMEWORK_SEARCH_PATHS = (
					"$(DEVELOPER_FRAMEWORKS_DIR)",
					"$(inherited)",
				);
				GCC_PRECOMPILE_PREFIX_HEADER = YES;
				GCC_PREFIX_HEADER = "SharingPicker/SharingPicker-Prefix.pch";
				INFOPLIST_FILE = "SharingPickerTests/SharingPickerTests-Info.plist";
				PRODUCT_NAME = "$(TARGET_NAME)";
				TEST_HOST = "$(BUNDLE_LOADER)";
				WRAPPER_EXTENSION = xctest;
			};
			name = Release;
		};
/* End XCBuildConfiguration section */

/* Begin XCConfigurationList section */
		4C4DE20618B3FCE5008F8DE5 /* Build configuration list for PBXProject "SharingPicker" */ = {
			isa = XCConfigurationList;
			buildConfigurations = (
				4C4DE23A18B3FCE5008F8DE5 /* Debug */,
				4C4DE23B18B3FCE5008F8DE5 /* Release */,
			);
			defaultConfigurationIsVisible = 0;
			defaultConfigurationName = Release;
		};
		4C4DE23C18B3FCE5008F8DE5 /* Build configuration list for PBXNativeTarget "SharingPicker" */ = {
			isa = XCConfigurationList;
			buildConfigurations = (
				4C4DE23D18B3FCE5008F8DE5 /* Debug */,
				4C4DE23E18B3FCE5008F8DE5 /* Release */,
			);
			defaultConfigurationIsVisible = 0;
		};
		4C4DE23F18B3FCE5008F8DE5 /* Build configuration list for PBXNativeTarget "SharingPickerTests" */ = {
			isa = XCConfigurationList;
			buildConfigurations = (
				4C4DE24018B3FCE5008F8DE5 /* Debug */,
				4C4DE24118B3FCE5008F8DE5 /* Release */,
			);
			defaultConfigurationIsVisible = 0;
		};
/* End XCConfigurationList section */
	};
	rootObject = 4C4DE20318B3FCE5008F8DE5 /* Project object */;
}
